<?xml version="1.0" encoding="utf-8"?>
<Project ToolsVersion="4.0" xmlns="http://schemas.microsoft.com/developer/msbuild/2003">
  <ItemGroup>
    <Filter Include="리소스 파일">
      <UniqueIdentifier>{67DA6AB6-F800-4c08-8B7A-83BB121AAD01}</UniqueIdentifier>
      <Extensions>rc;ico;cur;bmp;dlg;rc2;rct;bin;rgs;gif;jpg;jpeg;jpe;resx;tiff;tif;png;wav;mfcribbon-ms</Extensions>
    </Filter>
    <Filter Include="main">
      <UniqueIdentifier>{6a1f4037-00e9-4d4c-b348-b4d653a7cee3}</UniqueIdentifier>
    </Filter>
    <Filter Include="Editor">
      <UniqueIdentifier>{098d0bad-4ac6-4bbe-985e-a5f8408d695a}</UniqueIdentifier>
    </Filter>
    <Filter Include="Contents">
      <UniqueIdentifier>{f10d5042-19f4-41b6-832e-668d75d3152c}</UniqueIdentifier>
    </Filter>
    <Filter Include="Contents\Scene">
      <UniqueIdentifier>{174f5c95-1b2c-42e8-bfbd-72873da7ed2b}</UniqueIdentifier>
    </Filter>
    <Filter Include="Contents\GameObject">
      <UniqueIdentifier>{32f969c6-1809-40be-8e2f-6b1484254c7f}</UniqueIdentifier>
    </Filter>
    <Filter Include="Contents\Script">
      <UniqueIdentifier>{b7b33e17-61cf-4f95-99d7-6502a29ded31}</UniqueIdentifier>
    </Filter>
    <Filter Include="Editor\GameObject">
      <UniqueIdentifier>{ad2c5e6c-c12d-4665-bb17-9f005699f7c3}</UniqueIdentifier>
    </Filter>
    <Filter Include="Editor\UI">
      <UniqueIdentifier>{a6e7b243-b1e6-4d6a-8db9-cac8e60dfbd3}</UniqueIdentifier>
    </Filter>
    <Filter Include="Contents\Script\TitleScene">
      <UniqueIdentifier>{3f9b8efd-35ac-4e45-92a8-6a86de4a5dd3}</UniqueIdentifier>
    </Filter>
    <Filter Include="Contents\GameObject\TitleScene">
      <UniqueIdentifier>{abc96cb4-2a4f-4392-b24e-388fd3795db9}</UniqueIdentifier>
    </Filter>
    <Filter Include="Contents\GameObject\Play">
      <UniqueIdentifier>{e1e4ddca-5b81-42f0-ad31-578424d92821}</UniqueIdentifier>
    </Filter>
    <Filter Include="Contents\GameObject\Play\Player">
      <UniqueIdentifier>{6cf89847-41cc-4315-b299-3708f317fffd}</UniqueIdentifier>
    </Filter>
    <Filter Include="Contents\GameObject\Play\Monster">
      <UniqueIdentifier>{14a2a0c0-0b3f-4efd-91a9-1735a2e293f2}</UniqueIdentifier>
    </Filter>
    <Filter Include="Contents\GameObject\Play\Monster\Ground">
      <UniqueIdentifier>{847ec714-a697-4025-a9a7-02d5bb800035}</UniqueIdentifier>
    </Filter>
    <Filter Include="Contents\GameObject\Play\Monster\Fly">
      <UniqueIdentifier>{8776660f-4725-436f-9622-9dc8e13a1c31}</UniqueIdentifier>
    </Filter>
    <Filter Include="Contents\GameObject\Play\Monster\Boss">
      <UniqueIdentifier>{c671dde9-bbb5-4137-bf78-2446589e3ff7}</UniqueIdentifier>
    </Filter>
    <Filter Include="Contents\GameObject\Play\Item">
      <UniqueIdentifier>{d7a98415-9f63-4ee8-8746-4b11aa7358d9}</UniqueIdentifier>
    </Filter>
    <Filter Include="Contents\GameObject\Play\Item\Weapon">
      <UniqueIdentifier>{bd865cd2-df62-45ba-b981-99690f5b3154}</UniqueIdentifier>
    </Filter>
    <Filter Include="Contents\GameObject\Play\Item\Weapon\Melee">
      <UniqueIdentifier>{d4391847-6382-4817-a973-91180377cf49}</UniqueIdentifier>
    </Filter>
    <Filter Include="Contents\GameObject\Play\Item\Weapon\Ranged">
      <UniqueIdentifier>{cb22e33c-90c2-4bf4-8ddc-438fbd11adb7}</UniqueIdentifier>
    </Filter>
    <Filter Include="Contents\GameObject\Play\Item\Accessory">
      <UniqueIdentifier>{5c41a52c-9ba9-4d56-ac9e-53117d710b59}</UniqueIdentifier>
    </Filter>
    <Filter Include="Contents\Script\Player">
      <UniqueIdentifier>{4c1c4c96-2989-4eaf-8b52-a48b4bf95229}</UniqueIdentifier>
    </Filter>
    <Filter Include="Contents\GameObject\Play\Item\Weapon\Ranged\01. Common">
      <UniqueIdentifier>{c69745a8-ebbd-45ab-88f6-02574e534fc8}</UniqueIdentifier>
    </Filter>
    <Filter Include="Contents\GameObject\Play\Item\Weapon\Ranged\04. Legendary">
      <UniqueIdentifier>{3a8132ff-18a6-41af-af3a-7cf54ac50ae9}</UniqueIdentifier>
    </Filter>
    <Filter Include="Contents\GameObject\Play\Item\Weapon\Ranged\03. Rare">
      <UniqueIdentifier>{2e2269f5-5d4f-4f36-bc78-5892ed1c6160}</UniqueIdentifier>
    </Filter>
    <Filter Include="Contents\GameObject\Play\Item\Weapon\Ranged\02. UnCommon">
      <UniqueIdentifier>{9a7c2540-4308-456a-833b-3dafd420517c}</UniqueIdentifier>
    </Filter>
    <Filter Include="Contents\GameObject\Play\Item\Weapon\Melee\01. Common">
      <UniqueIdentifier>{a00d4254-7b52-4c40-bcdd-406b96d9fc90}</UniqueIdentifier>
    </Filter>
    <Filter Include="Contents\GameObject\Play\Item\Weapon\Melee\02. UnCommon">
      <UniqueIdentifier>{48c874c6-1cf8-49ff-86cd-834b675efe51}</UniqueIdentifier>
    </Filter>
    <Filter Include="Contents\GameObject\Play\Item\Weapon\Melee\03. Rare">
      <UniqueIdentifier>{154c7117-122e-4aba-9bfc-de71a9e90fa9}</UniqueIdentifier>
    </Filter>
    <Filter Include="Contents\GameObject\Play\Item\Weapon\Melee\04. Legendary">
      <UniqueIdentifier>{0a11ccc9-83f5-40ba-aa7f-39ac24995b22}</UniqueIdentifier>
    </Filter>
    <Filter Include="Contents\GameObject\Play\Player\Effect">
      <UniqueIdentifier>{e50c7040-22ef-4224-b526-593a044cfe5a}</UniqueIdentifier>
    </Filter>
    <Filter Include="Contents\GameObject\TitleScene\UI">
      <UniqueIdentifier>{c330c46d-56dd-4845-a8d7-14489c832fbf}</UniqueIdentifier>
    </Filter>
    <Filter Include="Contents\GameObject\TitleScene\Object">
      <UniqueIdentifier>{3f4d450b-e6bd-4f2a-bb29-94a657c1675d}</UniqueIdentifier>
    </Filter>
    <Filter Include="Contents\GameObject\TitleScene\Object\Bird">
      <UniqueIdentifier>{bd5d56b1-4093-488b-a858-4c857ee4519d}</UniqueIdentifier>
    </Filter>
    <Filter Include="Contents\GameObject\TitleScene\UI\MainLogo">
      <UniqueIdentifier>{91a8febc-f2ac-4f1b-8ba4-003a81c0f43b}</UniqueIdentifier>
    </Filter>
    <Filter Include="Contents\GameObject\BaseObject">
      <UniqueIdentifier>{c60b16ce-ac7f-4d2d-beb5-3702730f6169}</UniqueIdentifier>
    </Filter>
    <Filter Include="Contents\GameObject\BaseObject\UI">
      <UniqueIdentifier>{575e3480-8673-4332-90fb-03de091bc16e}</UniqueIdentifier>
    </Filter>
    <Filter Include="Contents\GameObject\BaseObject\Layer">
      <UniqueIdentifier>{6eed3863-e244-49ab-95dd-e8e1140799cc}</UniqueIdentifier>
    </Filter>
    <Filter Include="Contents\GameObject\BaseObject\UI\Button">
      <UniqueIdentifier>{58b485f2-15f0-4ebd-a97e-9378b65e74d4}</UniqueIdentifier>
    </Filter>
    <Filter Include="Contents\GameObject\TitleScene\UI\Menu">
      <UniqueIdentifier>{7e941c7c-e64b-437b-b9ab-e74bfcb9ee46}</UniqueIdentifier>
    </Filter>
    <Filter Include="Contents\GameObject\BaseObject\ColliderObject">
      <UniqueIdentifier>{dedd4e86-47fb-4413-9abc-524bc96d061a}</UniqueIdentifier>
    </Filter>
    <Filter Include="Contents\Room">
      <UniqueIdentifier>{24b903c7-f00c-423c-a98b-37ab90bc9dfc}</UniqueIdentifier>
    </Filter>
    <Filter Include="Contents\GameObject\Play\Room">
      <UniqueIdentifier>{2a36bddb-5417-4a3a-beb5-db2b5858a5a5}</UniqueIdentifier>
    </Filter>
    <Filter Include="Contents\Script\Room">
      <UniqueIdentifier>{b9644326-2ac3-4796-b4d5-50c4d9b979c0}</UniqueIdentifier>
    </Filter>
    <Filter Include="Contents\GameObject\Test">
      <UniqueIdentifier>{29512fa4-f95a-4441-b254-03afbdeb7731}</UniqueIdentifier>
    </Filter>
    <Filter Include="Contents\GameObject\FunctionObject">
      <UniqueIdentifier>{80ff9180-b418-4bd6-980d-423056be0f40}</UniqueIdentifier>
    </Filter>
    <Filter Include="Contents\Room\Dungeon">
      <UniqueIdentifier>{6fa55ed6-a527-46b2-8baf-30b1fdfead82}</UniqueIdentifier>
    </Filter>
    <Filter Include="Contents\Room\Dungeon\Boss">
      <UniqueIdentifier>{334d29f2-91c4-4d57-9979-d13c8cb01641}</UniqueIdentifier>
    </Filter>
    <Filter Include="Contents\Room\Dungeon\Boss\01. EntranceRoom">
      <UniqueIdentifier>{510ec5ea-c3e1-47af-b1ae-81018b2333e1}</UniqueIdentifier>
    </Filter>
    <Filter Include="Contents\Room\Dungeon\Boss\02. BossRoom">
      <UniqueIdentifier>{f4fb0508-b82e-4f15-8930-11d34121c804}</UniqueIdentifier>
    </Filter>
    <Filter Include="Contents\Room\Dungeon\Boss\03. ExitRoom">
      <UniqueIdentifier>{3c4a7f41-4540-44ed-8e15-be1c17dfe6c0}</UniqueIdentifier>
    </Filter>
    <Filter Include="Contents\Room\Dungeon\Base">
      <UniqueIdentifier>{3232827e-0914-41fc-aec4-27d43652d58b}</UniqueIdentifier>
    </Filter>
    <Filter Include="Contents\Room\Dungeon\Normal">
      <UniqueIdentifier>{c20e52da-55f7-4efd-814c-069f0d465b69}</UniqueIdentifier>
    </Filter>
    <Filter Include="Contents\Room\Dungeon\Start">
      <UniqueIdentifier>{9101d61d-6d1f-452b-b70f-71a43ac92885}</UniqueIdentifier>
    </Filter>
    <Filter Include="Contents\Room\Dungeon\Start\15. B">
      <UniqueIdentifier>{7f45a263-a81d-434d-a6b1-1a4144bd8ff5}</UniqueIdentifier>
    </Filter>
    <Filter Include="Contents\Room\Dungeon\Start\01. L">
      <UniqueIdentifier>{fd7260f1-d73e-4643-9e72-35aeb890b5d0}</UniqueIdentifier>
    </Filter>
    <Filter Include="Contents\Room\Dungeon\Start\02. LT">
      <UniqueIdentifier>{b5ba9fc0-dca4-433c-9114-ce8ec876df07}</UniqueIdentifier>
    </Filter>
    <Filter Include="Contents\Room\Dungeon\Start\03. LR">
      <UniqueIdentifier>{642d5d09-4f4e-4216-9288-639b53f2f557}</UniqueIdentifier>
    </Filter>
    <Filter Include="Contents\Room\Dungeon\Start\04. LB">
      <UniqueIdentifier>{a70ec177-db3f-45ca-a37a-c8f71c473f1a}</UniqueIdentifier>
    </Filter>
    <Filter Include="Contents\Room\Dungeon\Start\05. LTR">
      <UniqueIdentifier>{b13fb895-ea03-4019-9110-0444aedd51a2}</UniqueIdentifier>
    </Filter>
    <Filter Include="Contents\Room\Dungeon\Start\06. LTB">
      <UniqueIdentifier>{b8f11a53-1e98-4e12-a9f3-639bc9fb51fe}</UniqueIdentifier>
    </Filter>
    <Filter Include="Contents\Room\Dungeon\Start\07. LRB">
      <UniqueIdentifier>{34213dab-7648-4c55-bff6-e3c6d505a7e2}</UniqueIdentifier>
    </Filter>
    <Filter Include="Contents\Room\Dungeon\Start\08. LTRB">
      <UniqueIdentifier>{cfac61af-6036-423d-9eda-30e2080be96b}</UniqueIdentifier>
    </Filter>
    <Filter Include="Contents\Room\Dungeon\Start\09. T">
      <UniqueIdentifier>{9c5bda6c-3666-459a-a15f-4309f4c5f1f9}</UniqueIdentifier>
    </Filter>
    <Filter Include="Contents\Room\Dungeon\Start\10. TR">
      <UniqueIdentifier>{59863938-01cd-42fd-8359-3c67a3e07e36}</UniqueIdentifier>
    </Filter>
    <Filter Include="Contents\Room\Dungeon\Start\11. TB">
      <UniqueIdentifier>{13cf5e1f-9a08-4414-8c15-db7c3275934d}</UniqueIdentifier>
    </Filter>
    <Filter Include="Contents\Room\Dungeon\Start\12. TRB">
      <UniqueIdentifier>{962e13b1-c79a-466a-938e-ca863772b971}</UniqueIdentifier>
    </Filter>
    <Filter Include="Contents\Room\Dungeon\Start\13. R">
      <UniqueIdentifier>{950260da-a498-416b-bfdc-6803402d8903}</UniqueIdentifier>
    </Filter>
    <Filter Include="Contents\Room\Dungeon\Start\14. RB">
      <UniqueIdentifier>{b6aab2d1-acb1-4798-9970-7c430fa47cf5}</UniqueIdentifier>
    </Filter>
  </ItemGroup>
  <ItemGroup>
    <ClInclude Include="hjEditor.h">
      <Filter>Editor</Filter>
    </ClInclude>
    <ClInclude Include="Resource.h">
      <Filter>main</Filter>
    </ClInclude>
    <ClInclude Include="targetver.h">
      <Filter>main</Filter>
    </ClInclude>
    <ClInclude Include="framework.h">
      <Filter>main</Filter>
    </ClInclude>
    <ClInclude Include="Client.h">
      <Filter>main</Filter>
    </ClInclude>
    <ClInclude Include="hjDebugObject.h">
      <Filter>Editor\GameObject</Filter>
    </ClInclude>
    <ClInclude Include="hjEditorObject.h">
      <Filter>Editor\GameObject</Filter>
    </ClInclude>
    <ClInclude Include="hjWidget.h">
      <Filter>Editor\UI</Filter>
    </ClInclude>
    <ClInclude Include="hjCameraScript.h">
      <Filter>Contents\Script</Filter>
    </ClInclude>
    <ClInclude Include="hjFadeScript.h">
      <Filter>Contents\Script</Filter>
    </ClInclude>
    <ClInclude Include="hjGridScript.h">
      <Filter>Contents\Script</Filter>
    </ClInclude>
    <ClInclude Include="hjDungeonScene.h">
      <Filter>Contents\Scene</Filter>
    </ClInclude>
    <ClInclude Include="hjTitleScene.h">
      <Filter>Contents\Scene</Filter>
    </ClInclude>
    <ClInclude Include="hjTestScene.h">
      <Filter>Contents\Scene</Filter>
    </ClInclude>
    <ClInclude Include="hjLayerObject.h">
      <Filter>Contents\GameObject\BaseObject\Layer</Filter>
    </ClInclude>
    <ClInclude Include="hjLinearMoveScript.h">
      <Filter>Contents\Script\TitleScene</Filter>
    </ClInclude>
    <ClInclude Include="hjTitleBird.h">
      <Filter>Contents\GameObject\TitleScene\Object\Bird</Filter>
    </ClInclude>
    <ClInclude Include="hjTitleBirdLeader.h">
      <Filter>Contents\GameObject\TitleScene\Object\Bird</Filter>
    </ClInclude>
    <ClInclude Include="hjTitleBirdFollower.h">
      <Filter>Contents\GameObject\TitleScene\Object\Bird</Filter>
    </ClInclude>
    <ClInclude Include="hjPlayer.h">
      <Filter>Contents\GameObject\Play\Player</Filter>
    </ClInclude>
    <ClInclude Include="hjPlayerHand.h">
      <Filter>Contents\GameObject\Play\Player</Filter>
    </ClInclude>
    <ClInclude Include="hjWeapon.h">
      <Filter>Contents\GameObject\Play\Item\Weapon</Filter>
    </ClInclude>
    <ClInclude Include="hjItem.h">
      <Filter>Contents\GameObject\Play\Item</Filter>
    </ClInclude>
    <ClInclude Include="hjPlayerScript.h">
      <Filter>Contents\Script\Player</Filter>
    </ClInclude>
    <ClInclude Include="hjArmRotatorScript.h">
      <Filter>Contents\Script\Player</Filter>
    </ClInclude>
    <ClInclude Include="hjFxPlayerDust.h">
      <Filter>Contents\GameObject\Play\Player\Effect</Filter>
    </ClInclude>
    <ClInclude Include="hjFxPlayerTrail.h">
      <Filter>Contents\GameObject\Play\Player\Effect</Filter>
    </ClInclude>
    <ClInclude Include="hjFxPlayerJump.h">
      <Filter>Contents\GameObject\Play\Player\Effect</Filter>
    </ClInclude>
    <ClInclude Include="hjTitleMidCloud.h">
      <Filter>Contents\GameObject\TitleScene\Object</Filter>
    </ClInclude>
    <ClInclude Include="hjMainLogo.h">
      <Filter>Contents\GameObject\TitleScene\UI\MainLogo</Filter>
    </ClInclude>
    <ClInclude Include="hjUIBase.h">
      <Filter>Contents\GameObject\BaseObject\UI</Filter>
    </ClInclude>
    <ClInclude Include="hjUIButton.h">
      <Filter>Contents\GameObject\BaseObject\UI\Button</Filter>
    </ClInclude>
    <ClInclude Include="hjTitleGameStart.h">
      <Filter>Contents\GameObject\TitleScene\UI\Menu</Filter>
    </ClInclude>
    <ClInclude Include="hjTitleOption.h">
      <Filter>Contents\GameObject\TitleScene\UI\Menu</Filter>
    </ClInclude>
    <ClInclude Include="hjTitleExit.h">
      <Filter>Contents\GameObject\TitleScene\UI\Menu</Filter>
    </ClInclude>
    <ClInclude Include="hjRoomRectFloor.h">
      <Filter>Contents\GameObject\BaseObject\ColliderObject</Filter>
    </ClInclude>
    <ClInclude Include="hjRoomNotPass.h">
      <Filter>Contents\GameObject\BaseObject\ColliderObject</Filter>
    </ClInclude>
    <ClInclude Include="hjSwordOfExplorer.h">
      <Filter>Contents\GameObject\Play\Item\Weapon\Melee\01. Common</Filter>
    </ClInclude>
    <ClInclude Include="hjRoomInfo.h">
      <Filter>Contents\Room</Filter>
    </ClInclude>
    <ClInclude Include="hjRoomPassThrough.h">
      <Filter>Contents\GameObject\BaseObject\ColliderObject</Filter>
    </ClInclude>
    <ClInclude Include="hjRoomDoor.h">
      <Filter>Contents\GameObject\Play\Room</Filter>
    </ClInclude>
    <ClInclude Include="hjTestMonster.h">
      <Filter>Contents\GameObject\Test</Filter>
    </ClInclude>
    <ClInclude Include="hjTestPlayer.h">
      <Filter>Contents\GameObject\Test</Filter>
    </ClInclude>
    <ClInclude Include="hjFadeObject.h">
      <Filter>Contents\GameObject\FunctionObject</Filter>
    </ClInclude>
    <ClInclude Include="hjStage1BossRoom.h">
      <Filter>Contents\Room\Dungeon\Boss\02. BossRoom</Filter>
    </ClInclude>
    <ClInclude Include="hjDoorScript.h">
      <Filter>Contents\Script\Room</Filter>
    </ClInclude>
    <ClInclude Include="hjRoomBase.h">
      <Filter>Contents\Room\Dungeon\Base</Filter>
    </ClInclude>
    <ClInclude Include="hjStage1StartL.h">
      <Filter>Contents\Room\Dungeon\Start\01. L</Filter>
    </ClInclude>
    <ClInclude Include="hjStage1StartLT.h">
      <Filter>Contents\Room\Dungeon\Start\02. LT</Filter>
    </ClInclude>
    <ClInclude Include="hjStage1StartLTR.h">
      <Filter>Contents\Room\Dungeon\Start\05. LTR</Filter>
    </ClInclude>
    <ClInclude Include="hjStage1StartR.h">
      <Filter>Contents\Room\Dungeon\Start\13. R</Filter>
    </ClInclude>
    <ClInclude Include="hjStage1StartRB.h">
      <Filter>Contents\Room\Dungeon\Start\14. RB</Filter>
    </ClInclude>
    <ClInclude Include="hjStage1StartTR.h">
      <Filter>Contents\Room\Dungeon\Start\10. TR</Filter>
    </ClInclude>
    <ClInclude Include="hjStage1StartTRB.h">
      <Filter>Contents\Room\Dungeon\Start\12. TRB</Filter>
    </ClInclude>
    <ClInclude Include="hjStage1StartLR.h">
      <Filter>Contents\Room\Dungeon\Start\03. LR</Filter>
    </ClInclude>
    <ClInclude Include="hjStage1StartLB.h">
      <Filter>Contents\Room\Dungeon\Start\04. LB</Filter>
    </ClInclude>
    <ClInclude Include="hjStage1StartLTB.h">
      <Filter>Contents\Room\Dungeon\Start\06. LTB</Filter>
    </ClInclude>
    <ClInclude Include="hjStage1StartLRB.h">
      <Filter>Contents\Room\Dungeon\Start\07. LRB</Filter>
    </ClInclude>
    <ClInclude Include="hjStage1StartLTRB.h">
      <Filter>Contents\Room\Dungeon\Start\08. LTRB</Filter>
    </ClInclude>
    <ClInclude Include="hjStage1StartT.h">
      <Filter>Contents\Room\Dungeon\Start\09. T</Filter>
    </ClInclude>
    <ClInclude Include="hjStage1StartTR2.h">
      <Filter>Contents\Room\Dungeon\Start\10. TR</Filter>
    </ClInclude>
    <ClInclude Include="hjStage1StartTB.h">
      <Filter>Contents\Room\Dungeon\Start\11. TB</Filter>
    </ClInclude>
    <ClInclude Include="hjStage1StartB.h">
      <Filter>Contents\Room\Dungeon\Start\15. B</Filter>
    </ClInclude>
  </ItemGroup>
  <ItemGroup>
    <Image Include="Dungreed.ico">
      <Filter>리소스 파일</Filter>
    </Image>
    <Image Include="smallDungreed.ico">
      <Filter>리소스 파일</Filter>
    </Image>
  </ItemGroup>
  <ItemGroup>
    <ClCompile Include="main.cpp">
      <Filter>main</Filter>
    </ClCompile>
    <ClCompile Include="hjEditor.cpp">
      <Filter>Editor</Filter>
    </ClCompile>
    <ClCompile Include="hjDebugObject.cpp">
      <Filter>Editor\GameObject</Filter>
    </ClCompile>
    <ClCompile Include="hjEditorObject.cpp">
      <Filter>Editor\GameObject</Filter>
    </ClCompile>
    <ClCompile Include="hjWidget.cpp">
      <Filter>Editor\UI</Filter>
    </ClCompile>
    <ClCompile Include="hjCameraScript.cpp">
      <Filter>Contents\Script</Filter>
    </ClCompile>
    <ClCompile Include="hjFadeScript.cpp">
      <Filter>Contents\Script</Filter>
    </ClCompile>
    <ClCompile Include="hjGridScript.cpp">
      <Filter>Contents\Script</Filter>
    </ClCompile>
    <ClCompile Include="hjDungeonScene.cpp">
      <Filter>Contents\Scene</Filter>
    </ClCompile>
    <ClCompile Include="hjTitleScene.cpp">
      <Filter>Contents\Scene</Filter>
    </ClCompile>
    <ClCompile Include="hjTestScene.cpp">
      <Filter>Contents\Scene</Filter>
    </ClCompile>
    <ClCompile Include="hjLayerObject.cpp">
      <Filter>Contents\GameObject\BaseObject\Layer</Filter>
    </ClCompile>
    <ClCompile Include="hjLinearMoveScript.cpp">
      <Filter>Contents\Script\TitleScene</Filter>
    </ClCompile>
    <ClCompile Include="hjTitleBird.cpp">
      <Filter>Contents\GameObject\TitleScene\Object\Bird</Filter>
    </ClCompile>
    <ClCompile Include="hjTitleBirdLeader.cpp">
      <Filter>Contents\GameObject\TitleScene\Object\Bird</Filter>
    </ClCompile>
    <ClCompile Include="hjTitleBirdFollower.cpp">
      <Filter>Contents\GameObject\TitleScene\Object\Bird</Filter>
    </ClCompile>
    <ClCompile Include="hjPlayer.cpp">
      <Filter>Contents\GameObject\Play\Player</Filter>
    </ClCompile>
    <ClCompile Include="hjPlayerHand.cpp">
      <Filter>Contents\GameObject\Play\Player</Filter>
    </ClCompile>
    <ClCompile Include="hjWeapon.cpp">
      <Filter>Contents\GameObject\Play\Item\Weapon</Filter>
    </ClCompile>
    <ClCompile Include="hjItem.cpp">
      <Filter>Contents\GameObject\Play\Item</Filter>
    </ClCompile>
    <ClCompile Include="hjPlayerScript.cpp">
      <Filter>Contents\Script\Player</Filter>
    </ClCompile>
    <ClCompile Include="hjArmRotatorScript.cpp">
      <Filter>Contents\Script\Player</Filter>
    </ClCompile>
    <ClCompile Include="hjFxPlayerDust.cpp">
      <Filter>Contents\GameObject\Play\Player\Effect</Filter>
    </ClCompile>
    <ClCompile Include="hjFxPlayerTrail.cpp">
      <Filter>Contents\GameObject\Play\Player\Effect</Filter>
    </ClCompile>
    <ClCompile Include="hjFxPlayerJump.cpp">
      <Filter>Contents\GameObject\Play\Player\Effect</Filter>
    </ClCompile>
    <ClCompile Include="hjTitleMidCloud.cpp">
      <Filter>Contents\GameObject\TitleScene\Object</Filter>
    </ClCompile>
    <ClCompile Include="hjMainLogo.cpp">
      <Filter>Contents\GameObject\TitleScene\UI\MainLogo</Filter>
    </ClCompile>
    <ClCompile Include="hjUIBase.cpp">
      <Filter>Contents\GameObject\BaseObject\UI</Filter>
    </ClCompile>
    <ClCompile Include="hjUIButton.cpp">
      <Filter>Contents\GameObject\BaseObject\UI\Button</Filter>
    </ClCompile>
    <ClCompile Include="hjTitleGameStart.cpp">
      <Filter>Contents\GameObject\TitleScene\UI\Menu</Filter>
    </ClCompile>
    <ClCompile Include="hjTitleOption.cpp">
      <Filter>Contents\GameObject\TitleScene\UI\Menu</Filter>
    </ClCompile>
    <ClCompile Include="hjTitleExit.cpp">
      <Filter>Contents\GameObject\TitleScene\UI\Menu</Filter>
    </ClCompile>
    <ClCompile Include="hjRoomRectFloor.cpp">
      <Filter>Contents\GameObject\BaseObject\ColliderObject</Filter>
    </ClCompile>
    <ClCompile Include="hjRoomNotPass.cpp">
      <Filter>Contents\GameObject\BaseObject\ColliderObject</Filter>
    </ClCompile>
    <ClCompile Include="hjSwordOfExplorer.cpp">
      <Filter>Contents\GameObject\Play\Item\Weapon\Melee\01. Common</Filter>
    </ClCompile>
    <ClCompile Include="hjRoomInfo.cpp">
      <Filter>Contents\Room</Filter>
    </ClCompile>
    <ClCompile Include="hjRoomPassThrough.cpp">
      <Filter>Contents\GameObject\BaseObject\ColliderObject</Filter>
    </ClCompile>
    <ClCompile Include="hjRoomDoor.cpp">
      <Filter>Contents\GameObject\Play\Room</Filter>
    </ClCompile>
    <ClCompile Include="hjTestMonster.cpp">
      <Filter>Contents\GameObject\Test</Filter>
    </ClCompile>
    <ClCompile Include="hjTestPlayer.cpp">
      <Filter>Contents\GameObject\Test</Filter>
    </ClCompile>
    <ClCompile Include="hjFadeObject.cpp">
      <Filter>Contents\GameObject\FunctionObject</Filter>
    </ClCompile>
    <ClCompile Include="hjStage1BossRoom.cpp">
      <Filter>Contents\Room\Dungeon\Boss\02. BossRoom</Filter>
    </ClCompile>
    <ClCompile Include="hjDoorScript.cpp">
      <Filter>Contents\Script\Room</Filter>
    </ClCompile>
    <ClCompile Include="hjRoomBase.cpp">
      <Filter>Contents\Room\Dungeon\Base</Filter>
    </ClCompile>
    <ClCompile Include="hjStage1StartL.cpp">
      <Filter>Contents\Room\Dungeon\Start\01. L</Filter>
    </ClCompile>
    <ClCompile Include="hjStage1StartLT.cpp">
      <Filter>Contents\Room\Dungeon\Start\02. LT</Filter>
    </ClCompile>
    <ClCompile Include="hjStage1StartLTR.cpp">
      <Filter>Contents\Room\Dungeon\Start\05. LTR</Filter>
    </ClCompile>
    <ClCompile Include="hjStage1StartR.cpp">
      <Filter>Contents\Room\Dungeon\Start\13. R</Filter>
    </ClCompile>
    <ClCompile Include="hjStage1StartRB.cpp">
      <Filter>Contents\Room\Dungeon\Start\14. RB</Filter>
    </ClCompile>
    <ClCompile Include="hjStage1StartTR.cpp">
      <Filter>Contents\Room\Dungeon\Start\10. TR</Filter>
    </ClCompile>
    <ClCompile Include="hjStage1StartTRB.cpp">
      <Filter>Contents\Room\Dungeon\Start\12. TRB</Filter>
    </ClCompile>
    <ClCompile Include="hjStage1StartLR.cpp">
      <Filter>Contents\Room\Dungeon\Start\03. LR</Filter>
    </ClCompile>
    <ClCompile Include="hjStage1StartLB.cpp">
      <Filter>Contents\Room\Dungeon\Start\04. LB</Filter>
    </ClCompile>
    <ClCompile Include="hjStage1StartLTB.cpp">
      <Filter>Contents\Room\Dungeon\Start\06. LTB</Filter>
    </ClCompile>
    <ClCompile Include="hjStage1StartLRB.cpp">
      <Filter>Contents\Room\Dungeon\Start\07. LRB</Filter>
    </ClCompile>
    <ClCompile Include="hjStage1StartLTRB.cpp">
      <Filter>Contents\Room\Dungeon\Start\08. LTRB</Filter>
    </ClCompile>
    <ClCompile Include="hjStage1StartT.cpp">
      <Filter>Contents\Room\Dungeon\Start\09. T</Filter>
    </ClCompile>
    <ClCompile Include="hjStage1StartTR2.cpp">
      <Filter>Contents\Room\Dungeon\Start\10. TR</Filter>
    </ClCompile>
    <ClCompile Include="hjStage1StartTB.cpp">
      <Filter>Contents\Room\Dungeon\Start\11. TB</Filter>
    </ClCompile>
    <ClCompile Include="hjStage1StartB.cpp">
      <Filter>Contents\Room\Dungeon\Start\15. B</Filter>
    </ClCompile>
  </ItemGroup>
  <ItemGroup>
    <ResourceCompile Include="Client.rc">
      <Filter>리소스 파일</Filter>
    </ResourceCompile>
  </ItemGroup>
</Project>