<?xml version="1.0" encoding="utf-8"?>
<Project ToolsVersion="4.0" xmlns="http://schemas.microsoft.com/developer/msbuild/2003">
  <ItemGroup>
    <Filter Include="Common">
      <UniqueIdentifier>{dda1a3e5-1800-4f55-8013-0cac70060ca6}</UniqueIdentifier>
    </Filter>
    <Filter Include="Graphics">
      <UniqueIdentifier>{2cbdf1d2-e148-4cc3-be28-9111ce6a6095}</UniqueIdentifier>
    </Filter>
    <Filter Include="High Level Interface">
      <UniqueIdentifier>{e3950d4b-7872-475f-8b7e-15e37152e330}</UniqueIdentifier>
    </Filter>
    <Filter Include="Input">
      <UniqueIdentifier>{60614e9a-d737-4192-b505-5a47b8414f7e}</UniqueIdentifier>
    </Filter>
    <Filter Include="Time">
      <UniqueIdentifier>{2c8c89c3-d876-4d23-bb07-3fc79b8b3de5}</UniqueIdentifier>
    </Filter>
    <Filter Include="Resource">
      <UniqueIdentifier>{7e048bb0-ec5f-4725-bf4c-0eb9d2b03648}</UniqueIdentifier>
    </Filter>
    <Filter Include="Common\Math">
      <UniqueIdentifier>{3e380e92-ce52-4355-bc83-6ce783775ce2}</UniqueIdentifier>
    </Filter>
    <Filter Include="Renderer">
      <UniqueIdentifier>{72517f84-8c2b-4b30-a4bb-d99bbe23c36e}</UniqueIdentifier>
    </Filter>
    <Filter Include="Scene">
      <UniqueIdentifier>{df5027df-e362-4aab-9810-17f8a5749fe5}</UniqueIdentifier>
    </Filter>
    <Filter Include="Component">
      <UniqueIdentifier>{d48e4a74-76df-4904-a732-d8470f2a1a02}</UniqueIdentifier>
    </Filter>
    <Filter Include="GameObject">
      <UniqueIdentifier>{6144ef2e-cb34-4bc2-bce6-f374e0354390}</UniqueIdentifier>
    </Filter>
    <Filter Include="Resource\Manager">
      <UniqueIdentifier>{b720ba89-57c8-4b68-8da1-5b84cf81f058}</UniqueIdentifier>
    </Filter>
    <Filter Include="Resource\Material">
      <UniqueIdentifier>{eb383d44-e968-4aba-9ba6-71adafbe306d}</UniqueIdentifier>
    </Filter>
    <Filter Include="Resource\Mesh">
      <UniqueIdentifier>{164a76e6-731d-411e-9613-df16b3865af2}</UniqueIdentifier>
    </Filter>
    <Filter Include="Resource\Shader">
      <UniqueIdentifier>{d6da0964-3cc3-4ff7-a87c-8b7d42ec8672}</UniqueIdentifier>
    </Filter>
    <Filter Include="Resource\Texture">
      <UniqueIdentifier>{13eaca58-38d7-4606-acf8-bd45bc66ea10}</UniqueIdentifier>
    </Filter>
    <Filter Include="Component\Renderer">
      <UniqueIdentifier>{e515d0e3-4746-4b27-8999-fe89003ddd24}</UniqueIdentifier>
    </Filter>
    <Filter Include="Component\Script">
      <UniqueIdentifier>{52a42885-19a5-4c7c-b038-45be43e24fd7}</UniqueIdentifier>
    </Filter>
    <Filter Include="Component\Transform">
      <UniqueIdentifier>{3c5c903b-628d-4ce8-b9dc-cf4577ec961d}</UniqueIdentifier>
    </Filter>
    <Filter Include="Component\Script\Contents">
      <UniqueIdentifier>{7707c55d-e516-4f40-9999-38ae1d4352a7}</UniqueIdentifier>
    </Filter>
    <Filter Include="Component\Camera">
      <UniqueIdentifier>{6e119388-00d6-4490-9f27-19794c7deb27}</UniqueIdentifier>
    </Filter>
    <Filter Include="Scene\Base">
      <UniqueIdentifier>{c9142d19-2d73-43e5-a84c-3c0329334c53}</UniqueIdentifier>
    </Filter>
    <Filter Include="Scene\Layer">
      <UniqueIdentifier>{03e438c6-52ea-45d7-ad03-d8596c45f86c}</UniqueIdentifier>
    </Filter>
    <Filter Include="Scene\Manager">
      <UniqueIdentifier>{1501a391-7fd1-48dd-a1ec-57e4919d05f9}</UniqueIdentifier>
    </Filter>
    <Filter Include="Resource\Script">
      <UniqueIdentifier>{fca1d838-497f-44a7-a540-e756296ab89e}</UniqueIdentifier>
    </Filter>
  </ItemGroup>
  <ItemGroup>
    <ClCompile Include="hjMath.cpp">
      <Filter>Common\Math</Filter>
    </ClCompile>
    <ClCompile Include="hjEntity.cpp">
      <Filter>Common</Filter>
    </ClCompile>
    <ClCompile Include="hjGraphicDevice_DX11.cpp">
      <Filter>Graphics</Filter>
    </ClCompile>
    <ClCompile Include="hjApplication.cpp">
      <Filter>High Level Interface</Filter>
    </ClCompile>
    <ClCompile Include="hjTime.cpp">
      <Filter>Time</Filter>
    </ClCompile>
    <ClCompile Include="hjResource.cpp">
      <Filter>Resource</Filter>
    </ClCompile>
    <ClCompile Include="hjInput.cpp">
      <Filter>Input</Filter>
    </ClCompile>
    <ClCompile Include="hjRenderer.cpp">
      <Filter>Renderer</Filter>
    </ClCompile>
    <ClCompile Include="hjGameObject.cpp">
      <Filter>GameObject</Filter>
    </ClCompile>
    <ClCompile Include="hjComponent.cpp">
      <Filter>Component</Filter>
    </ClCompile>
    <ClCompile Include="hjResources.cpp">
      <Filter>Resource\Manager</Filter>
    </ClCompile>
    <ClCompile Include="hjMaterial.cpp">
      <Filter>Resource\Material</Filter>
    </ClCompile>
    <ClCompile Include="hjShader.cpp">
      <Filter>Resource\Shader</Filter>
    </ClCompile>
    <ClCompile Include="hjMesh.cpp">
      <Filter>Resource\Mesh</Filter>
    </ClCompile>
    <ClCompile Include="hjTexture.cpp">
      <Filter>Resource\Texture</Filter>
    </ClCompile>
    <ClCompile Include="hjMeshRenderer.cpp">
      <Filter>Component\Renderer</Filter>
    </ClCompile>
    <ClCompile Include="hjScript.cpp">
      <Filter>Component\Script</Filter>
    </ClCompile>
    <ClCompile Include="hjTransform.cpp">
      <Filter>Component\Transform</Filter>
    </ClCompile>
    <ClCompile Include="hjPlayerScript.cpp">
      <Filter>Component\Script\Contents</Filter>
    </ClCompile>
    <ClCompile Include="hjCamera.cpp">
      <Filter>Component\Camera</Filter>
    </ClCompile>
    <ClCompile Include="hjSpriteRenderer.cpp">
      <Filter>Component\Renderer</Filter>
    </ClCompile>
    <ClCompile Include="hjCameraScript.cpp">
      <Filter>Component\Script</Filter>
    </ClCompile>
    <ClCompile Include="hjSceneManager.cpp">
      <Filter>Scene\Manager</Filter>
    </ClCompile>
    <ClCompile Include="hjLayer.cpp">
      <Filter>Scene\Layer</Filter>
    </ClCompile>
    <ClCompile Include="hjScene.cpp">
      <Filter>Scene\Base</Filter>
    </ClCompile>
    <ClCompile Include="hjConstantBuffer.cpp">
      <Filter>Graphics</Filter>
    </ClCompile>
    <ClCompile Include="hjGridScript.cpp">
      <Filter>Resource\Script</Filter>
    </ClCompile>
    <ClCompile Include="hjFadeScript.cpp">
      <Filter>Component\Script</Filter>
    </ClCompile>
    <ClCompile Include="hjBaseRenderer.cpp">
      <Filter>Renderer</Filter>
    </ClCompile>
    <ClCompile Include="hjTitleScene.cpp">
      <Filter>Scene</Filter>
    </ClCompile>
    <ClCompile Include="hjDungeonScene.cpp">
      <Filter>Scene</Filter>
    </ClCompile>
  </ItemGroup>
  <ItemGroup>
    <ClInclude Include="hjMath.h">
      <Filter>Common\Math</Filter>
    </ClInclude>
    <ClInclude Include="CommonInclude.h">
      <Filter>Common</Filter>
    </ClInclude>
    <ClInclude Include="hjEntity.h">
      <Filter>Common</Filter>
    </ClInclude>
    <ClInclude Include="hjGraphicDevice_DX11.h">
      <Filter>Graphics</Filter>
    </ClInclude>
    <ClInclude Include="hjApplication.h">
      <Filter>High Level Interface</Filter>
    </ClInclude>
    <ClInclude Include="hjTime.h">
      <Filter>Time</Filter>
    </ClInclude>
    <ClInclude Include="hjResource.h">
      <Filter>Resource</Filter>
    </ClInclude>
    <ClInclude Include="hjInput.h">
      <Filter>Input</Filter>
    </ClInclude>
    <ClInclude Include="hjGraphics.h">
      <Filter>Graphics</Filter>
    </ClInclude>
    <ClInclude Include="hjRenderer.h">
      <Filter>Renderer</Filter>
    </ClInclude>
    <ClInclude Include="hjEngine.h">
      <Filter>Common</Filter>
    </ClInclude>
    <ClInclude Include="hjEnums.h">
      <Filter>Common</Filter>
    </ClInclude>
    <ClInclude Include="hjGameObject.h">
      <Filter>GameObject</Filter>
    </ClInclude>
    <ClInclude Include="hjComponent.h">
      <Filter>Component</Filter>
    </ClInclude>
    <ClInclude Include="hjResources.h">
      <Filter>Resource\Manager</Filter>
    </ClInclude>
    <ClInclude Include="hjMaterial.h">
      <Filter>Resource\Material</Filter>
    </ClInclude>
    <ClInclude Include="hjShader.h">
      <Filter>Resource\Shader</Filter>
    </ClInclude>
    <ClInclude Include="hjMesh.h">
      <Filter>Resource\Mesh</Filter>
    </ClInclude>
    <ClInclude Include="hjTexture.h">
      <Filter>Resource\Texture</Filter>
    </ClInclude>
    <ClInclude Include="hjScript.h">
      <Filter>Component\Script</Filter>
    </ClInclude>
    <ClInclude Include="hjTransform.h">
      <Filter>Component\Transform</Filter>
    </ClInclude>
    <ClInclude Include="hjMeshRenderer.h">
      <Filter>Component\Renderer</Filter>
    </ClInclude>
    <ClInclude Include="hjPlayerScript.h">
      <Filter>Component\Script\Contents</Filter>
    </ClInclude>
    <ClInclude Include="hjCamera.h">
      <Filter>Component\Camera</Filter>
    </ClInclude>
    <ClInclude Include="hjSpriteRenderer.h">
      <Filter>Component\Renderer</Filter>
    </ClInclude>
    <ClInclude Include="hjCameraScript.h">
      <Filter>Component\Script</Filter>
    </ClInclude>
    <ClInclude Include="hjObject.h">
      <Filter>GameObject</Filter>
    </ClInclude>
    <ClInclude Include="hjSceneManager.h">
      <Filter>Scene\Manager</Filter>
    </ClInclude>
    <ClInclude Include="hjLayer.h">
      <Filter>Scene\Layer</Filter>
    </ClInclude>
    <ClInclude Include="hjScene.h">
      <Filter>Scene\Base</Filter>
    </ClInclude>
    <ClInclude Include="hjConstantBuffer.h">
      <Filter>Graphics</Filter>
    </ClInclude>
    <ClInclude Include="hjGridScript.h">
      <Filter>Resource\Script</Filter>
    </ClInclude>
    <ClInclude Include="hjFadeScript.h">
      <Filter>Component\Script</Filter>
    </ClInclude>
    <ClInclude Include="hjBaseRenderer.h">
      <Filter>Renderer</Filter>
    </ClInclude>
    <ClInclude Include="hjTitleScene.h">
      <Filter>Scene</Filter>
    </ClInclude>
    <ClInclude Include="hjDungeonScene.h">
      <Filter>Scene</Filter>
    </ClInclude>
  </ItemGroup>
  <ItemGroup>
    <None Include="hjMath.inl">
      <Filter>Common\Math</Filter>
    </None>
  </ItemGroup>
</Project>