<?xml version="1.0" encoding="utf-8"?>
<Project ToolsVersion="4.0" xmlns="http://schemas.microsoft.com/developer/msbuild/2003">
  <ItemGroup>
    <Filter Include="Common">
      <UniqueIdentifier>{dda1a3e5-1800-4f55-8013-0cac70060ca6}</UniqueIdentifier>
    </Filter>
    <Filter Include="Graphics">
      <UniqueIdentifier>{2cbdf1d2-e148-4cc3-be28-9111ce6a6095}</UniqueIdentifier>
    </Filter>
    <Filter Include="High Level Interface">
      <UniqueIdentifier>{e3950d4b-7872-475f-8b7e-15e37152e330}</UniqueIdentifier>
    </Filter>
    <Filter Include="Input">
      <UniqueIdentifier>{60614e9a-d737-4192-b505-5a47b8414f7e}</UniqueIdentifier>
    </Filter>
    <Filter Include="Time">
      <UniqueIdentifier>{2c8c89c3-d876-4d23-bb07-3fc79b8b3de5}</UniqueIdentifier>
    </Filter>
    <Filter Include="Resource">
      <UniqueIdentifier>{7e048bb0-ec5f-4725-bf4c-0eb9d2b03648}</UniqueIdentifier>
    </Filter>
    <Filter Include="Common\Math">
      <UniqueIdentifier>{3e380e92-ce52-4355-bc83-6ce783775ce2}</UniqueIdentifier>
    </Filter>
    <Filter Include="Renderer">
      <UniqueIdentifier>{72517f84-8c2b-4b30-a4bb-d99bbe23c36e}</UniqueIdentifier>
    </Filter>
    <Filter Include="Scene">
      <UniqueIdentifier>{df5027df-e362-4aab-9810-17f8a5749fe5}</UniqueIdentifier>
    </Filter>
    <Filter Include="Component">
      <UniqueIdentifier>{d48e4a74-76df-4904-a732-d8470f2a1a02}</UniqueIdentifier>
    </Filter>
    <Filter Include="GameObject">
      <UniqueIdentifier>{6144ef2e-cb34-4bc2-bce6-f374e0354390}</UniqueIdentifier>
    </Filter>
    <Filter Include="Resource\Manager">
      <UniqueIdentifier>{b720ba89-57c8-4b68-8da1-5b84cf81f058}</UniqueIdentifier>
    </Filter>
    <Filter Include="Resource\Material">
      <UniqueIdentifier>{eb383d44-e968-4aba-9ba6-71adafbe306d}</UniqueIdentifier>
    </Filter>
    <Filter Include="Resource\Mesh">
      <UniqueIdentifier>{164a76e6-731d-411e-9613-df16b3865af2}</UniqueIdentifier>
    </Filter>
    <Filter Include="Resource\Shader">
      <UniqueIdentifier>{d6da0964-3cc3-4ff7-a87c-8b7d42ec8672}</UniqueIdentifier>
    </Filter>
    <Filter Include="Resource\Texture">
      <UniqueIdentifier>{13eaca58-38d7-4606-acf8-bd45bc66ea10}</UniqueIdentifier>
    </Filter>
    <Filter Include="Component\Renderer">
      <UniqueIdentifier>{e515d0e3-4746-4b27-8999-fe89003ddd24}</UniqueIdentifier>
    </Filter>
    <Filter Include="Component\Script">
      <UniqueIdentifier>{52a42885-19a5-4c7c-b038-45be43e24fd7}</UniqueIdentifier>
    </Filter>
    <Filter Include="Component\Transform">
      <UniqueIdentifier>{3c5c903b-628d-4ce8-b9dc-cf4577ec961d}</UniqueIdentifier>
    </Filter>
    <Filter Include="Component\Camera">
      <UniqueIdentifier>{6e119388-00d6-4490-9f27-19794c7deb27}</UniqueIdentifier>
    </Filter>
    <Filter Include="Scene\Base">
      <UniqueIdentifier>{c9142d19-2d73-43e5-a84c-3c0329334c53}</UniqueIdentifier>
    </Filter>
    <Filter Include="Scene\Layer">
      <UniqueIdentifier>{03e438c6-52ea-45d7-ad03-d8596c45f86c}</UniqueIdentifier>
    </Filter>
    <Filter Include="Scene\Manager">
      <UniqueIdentifier>{1501a391-7fd1-48dd-a1ec-57e4919d05f9}</UniqueIdentifier>
    </Filter>
    <Filter Include="Resource\Script">
      <UniqueIdentifier>{fca1d838-497f-44a7-a540-e756296ab89e}</UniqueIdentifier>
    </Filter>
    <Filter Include="Component\Collider">
      <UniqueIdentifier>{ce7f6882-4c0d-4f48-9d7d-d2195b57f643}</UniqueIdentifier>
    </Filter>
    <Filter Include="Resource\Prefab">
      <UniqueIdentifier>{b5b26ca5-3761-4633-a924-ee4b7b8c7cf4}</UniqueIdentifier>
    </Filter>
    <Filter Include="Component\Collider\Manager">
      <UniqueIdentifier>{e12e114a-7dea-41c5-a8a4-646650895348}</UniqueIdentifier>
    </Filter>
    <Filter Include="Component\Collider\2D">
      <UniqueIdentifier>{22d1dd41-a512-4c36-8250-f2bc4e82518f}</UniqueIdentifier>
    </Filter>
    <Filter Include="Component\Collider\3D">
      <UniqueIdentifier>{8a367c44-76dc-4a99-ba41-61d430d79a3b}</UniqueIdentifier>
    </Filter>
    <Filter Include="Component\Animator">
      <UniqueIdentifier>{cb48aaeb-8ecf-4573-b154-8e4e6e1fce0d}</UniqueIdentifier>
    </Filter>
    <Filter Include="Component\RigidBody">
      <UniqueIdentifier>{de596207-9403-4de7-8cab-04a9fb481bd1}</UniqueIdentifier>
    </Filter>
    <Filter Include="Graphics\Buffer">
      <UniqueIdentifier>{b53116ae-d850-424f-a961-4435091aea31}</UniqueIdentifier>
    </Filter>
    <Filter Include="Graphics\Buffer\ConstantBuffer">
      <UniqueIdentifier>{8a750862-2587-45e1-9628-e200bf18f81d}</UniqueIdentifier>
    </Filter>
    <Filter Include="Graphics\Buffer\StructuredBuffer">
      <UniqueIdentifier>{6cd47a68-f02f-4c78-a2c6-7dda0eb39022}</UniqueIdentifier>
    </Filter>
    <Filter Include="Component\Light">
      <UniqueIdentifier>{cbe6a2af-5e47-4410-a0d4-81e0ea4bb285}</UniqueIdentifier>
    </Filter>
    <Filter Include="Resource\Shader\CS">
      <UniqueIdentifier>{ed9644cc-6e77-4e3c-8b3c-d8220e3a7d83}</UniqueIdentifier>
    </Filter>
    <Filter Include="External">
      <UniqueIdentifier>{c316497b-a05e-4677-a719-b0c46eb74a18}</UniqueIdentifier>
    </Filter>
    <Filter Include="External\Parser">
      <UniqueIdentifier>{59a1944d-ef16-4242-ac8e-447969c2d15e}</UniqueIdentifier>
    </Filter>
    <Filter Include="External\Parser\XML">
      <UniqueIdentifier>{80da97a7-e471-4ef5-b86a-4e0303db5853}</UniqueIdentifier>
    </Filter>
    <Filter Include="Resource\Map">
      <UniqueIdentifier>{064b8b35-31a0-451d-9d06-4b1aac1f1b16}</UniqueIdentifier>
    </Filter>
    <Filter Include="Graphics\API">
      <UniqueIdentifier>{e7a1a51b-f2ff-4631-ac6d-65dd7c8d676f}</UniqueIdentifier>
    </Filter>
    <Filter Include="Resource\Shader\CS\Base">
      <UniqueIdentifier>{c7377527-c6f2-404c-95be-b84fb1fc82e3}</UniqueIdentifier>
    </Filter>
    <Filter Include="Resource\Shader\CS\Particle">
      <UniqueIdentifier>{a54bb68f-9f22-4c48-a7ab-b4c6cb594aeb}</UniqueIdentifier>
    </Filter>
    <Filter Include="Renderer\Particle">
      <UniqueIdentifier>{b0f40acb-d1d1-4bf8-aff8-25bdd3e20bdf}</UniqueIdentifier>
    </Filter>
    <Filter Include="External\Module">
      <UniqueIdentifier>{d4faaf2c-b440-43fd-abc8-3e91334f0b17}</UniqueIdentifier>
    </Filter>
    <Filter Include="Resource\Shader\CS\Particle\ParticleAnimation">
      <UniqueIdentifier>{0a69d279-a3e7-4f3e-823d-f3d2d8196dd2}</UniqueIdentifier>
    </Filter>
    <Filter Include="Resource\Audio">
      <UniqueIdentifier>{668cbcb2-7ce8-4734-a0da-4389f38ff94a}</UniqueIdentifier>
    </Filter>
    <Filter Include="Component\Audio">
      <UniqueIdentifier>{9a0e88bb-5a3c-4e74-8787-af450af0ea73}</UniqueIdentifier>
    </Filter>
  </ItemGroup>
  <ItemGroup>
    <ClCompile Include="hjMath.cpp">
      <Filter>Common\Math</Filter>
    </ClCompile>
    <ClCompile Include="hjEntity.cpp">
      <Filter>Common</Filter>
    </ClCompile>
    <ClCompile Include="hjApplication.cpp">
      <Filter>High Level Interface</Filter>
    </ClCompile>
    <ClCompile Include="hjTime.cpp">
      <Filter>Time</Filter>
    </ClCompile>
    <ClCompile Include="hjResource.cpp">
      <Filter>Resource</Filter>
    </ClCompile>
    <ClCompile Include="hjInput.cpp">
      <Filter>Input</Filter>
    </ClCompile>
    <ClCompile Include="hjRenderer.cpp">
      <Filter>Renderer</Filter>
    </ClCompile>
    <ClCompile Include="hjGameObject.cpp">
      <Filter>GameObject</Filter>
    </ClCompile>
    <ClCompile Include="hjComponent.cpp">
      <Filter>Component</Filter>
    </ClCompile>
    <ClCompile Include="hjMaterial.cpp">
      <Filter>Resource\Material</Filter>
    </ClCompile>
    <ClCompile Include="hjShader.cpp">
      <Filter>Resource\Shader</Filter>
    </ClCompile>
    <ClCompile Include="hjMesh.cpp">
      <Filter>Resource\Mesh</Filter>
    </ClCompile>
    <ClCompile Include="hjTexture.cpp">
      <Filter>Resource\Texture</Filter>
    </ClCompile>
    <ClCompile Include="hjMeshRenderer.cpp">
      <Filter>Component\Renderer</Filter>
    </ClCompile>
    <ClCompile Include="hjScript.cpp">
      <Filter>Component\Script</Filter>
    </ClCompile>
    <ClCompile Include="hjTransform.cpp">
      <Filter>Component\Transform</Filter>
    </ClCompile>
    <ClCompile Include="hjCamera.cpp">
      <Filter>Component\Camera</Filter>
    </ClCompile>
    <ClCompile Include="hjSpriteRenderer.cpp">
      <Filter>Component\Renderer</Filter>
    </ClCompile>
    <ClCompile Include="hjSceneManager.cpp">
      <Filter>Scene\Manager</Filter>
    </ClCompile>
    <ClCompile Include="hjLayer.cpp">
      <Filter>Scene\Layer</Filter>
    </ClCompile>
    <ClCompile Include="hjScene.cpp">
      <Filter>Scene\Base</Filter>
    </ClCompile>
    <ClCompile Include="hjBaseRenderer.cpp">
      <Filter>Renderer</Filter>
    </ClCompile>
    <ClCompile Include="hjPrefab.cpp">
      <Filter>Resource\Prefab</Filter>
    </ClCompile>
    <ClCompile Include="hjCollisionManager.cpp">
      <Filter>Component\Collider\Manager</Filter>
    </ClCompile>
    <ClCompile Include="hjCollider.cpp">
      <Filter>Component\Collider</Filter>
    </ClCompile>
    <ClCompile Include="hjCollider2D.cpp">
      <Filter>Component\Collider\2D</Filter>
    </ClCompile>
    <ClCompile Include="hjCollider3D.cpp">
      <Filter>Component\Collider\3D</Filter>
    </ClCompile>
    <ClCompile Include="hjAnimation.cpp">
      <Filter>Component\Animator</Filter>
    </ClCompile>
    <ClCompile Include="hjAnimator.cpp">
      <Filter>Component\Animator</Filter>
    </ClCompile>
    <ClCompile Include="hjRigidBody.cpp">
      <Filter>Component\RigidBody</Filter>
    </ClCompile>
    <ClCompile Include="hjConstantBuffer.cpp">
      <Filter>Graphics\Buffer\ConstantBuffer</Filter>
    </ClCompile>
    <ClCompile Include="hjStructuredBuffer.cpp">
      <Filter>Graphics\Buffer\StructuredBuffer</Filter>
    </ClCompile>
    <ClCompile Include="hjLight.cpp">
      <Filter>Component\Light</Filter>
    </ClCompile>
    <ClCompile Include="hjPaintShader.cpp">
      <Filter>Resource\Shader\CS</Filter>
    </ClCompile>
    <ClCompile Include="hjTileMap.cpp">
      <Filter>Component\Renderer</Filter>
    </ClCompile>
    <ClCompile Include="hjXmlParser.cpp">
      <Filter>External\Parser\XML</Filter>
    </ClCompile>
    <ClCompile Include="hjMap.cpp">
      <Filter>Resource\Map</Filter>
    </ClCompile>
    <ClCompile Include="hjGraphicDevice_DX11.cpp">
      <Filter>Graphics\API</Filter>
    </ClCompile>
    <ClCompile Include="hjComputeShader.cpp">
      <Filter>Resource\Shader\CS\Base</Filter>
    </ClCompile>
    <ClCompile Include="hjParticleShader.cpp">
      <Filter>Resource\Shader\CS\Particle</Filter>
    </ClCompile>
    <ClCompile Include="hjParticleSystem.cpp">
      <Filter>Renderer\Particle</Filter>
    </ClCompile>
    <ClCompile Include="..\External\CMarkUp\Include\Markup.cpp">
      <Filter>External\Module</Filter>
    </ClCompile>
    <ClCompile Include="pch.cpp" />
    <ClCompile Include="hjParticleAnimShader.cpp">
      <Filter>Resource\Shader\CS\Particle\ParticleAnimation</Filter>
    </ClCompile>
    <ClCompile Include="hjAudioListener.cpp">
      <Filter>Component\Audio</Filter>
    </ClCompile>
    <ClCompile Include="hjFmod.cpp">
      <Filter>Component\Audio</Filter>
    </ClCompile>
    <ClCompile Include="hjAudioSource.cpp">
      <Filter>Component\Audio</Filter>
    </ClCompile>
    <ClCompile Include="hjAudioClip.cpp">
      <Filter>Resource\Audio</Filter>
    </ClCompile>
    <ClCompile Include="hjResourceManager.cpp">
      <Filter>Resource\Manager</Filter>
    </ClCompile>
  </ItemGroup>
  <ItemGroup>
    <ClInclude Include="hjMath.h">
      <Filter>Common\Math</Filter>
    </ClInclude>
    <ClInclude Include="CommonInclude.h">
      <Filter>Common</Filter>
    </ClInclude>
    <ClInclude Include="hjEntity.h">
      <Filter>Common</Filter>
    </ClInclude>
    <ClInclude Include="hjApplication.h">
      <Filter>High Level Interface</Filter>
    </ClInclude>
    <ClInclude Include="hjTime.h">
      <Filter>Time</Filter>
    </ClInclude>
    <ClInclude Include="hjResource.h">
      <Filter>Resource</Filter>
    </ClInclude>
    <ClInclude Include="hjInput.h">
      <Filter>Input</Filter>
    </ClInclude>
    <ClInclude Include="hjGraphics.h">
      <Filter>Graphics</Filter>
    </ClInclude>
    <ClInclude Include="hjRenderer.h">
      <Filter>Renderer</Filter>
    </ClInclude>
    <ClInclude Include="hjEngine.h">
      <Filter>Common</Filter>
    </ClInclude>
    <ClInclude Include="hjEnums.h">
      <Filter>Common</Filter>
    </ClInclude>
    <ClInclude Include="hjGameObject.h">
      <Filter>GameObject</Filter>
    </ClInclude>
    <ClInclude Include="hjComponent.h">
      <Filter>Component</Filter>
    </ClInclude>
    <ClInclude Include="hjMaterial.h">
      <Filter>Resource\Material</Filter>
    </ClInclude>
    <ClInclude Include="hjShader.h">
      <Filter>Resource\Shader</Filter>
    </ClInclude>
    <ClInclude Include="hjMesh.h">
      <Filter>Resource\Mesh</Filter>
    </ClInclude>
    <ClInclude Include="hjTexture.h">
      <Filter>Resource\Texture</Filter>
    </ClInclude>
    <ClInclude Include="hjScript.h">
      <Filter>Component\Script</Filter>
    </ClInclude>
    <ClInclude Include="hjTransform.h">
      <Filter>Component\Transform</Filter>
    </ClInclude>
    <ClInclude Include="hjMeshRenderer.h">
      <Filter>Component\Renderer</Filter>
    </ClInclude>
    <ClInclude Include="hjCamera.h">
      <Filter>Component\Camera</Filter>
    </ClInclude>
    <ClInclude Include="hjSpriteRenderer.h">
      <Filter>Component\Renderer</Filter>
    </ClInclude>
    <ClInclude Include="hjObject.h">
      <Filter>GameObject</Filter>
    </ClInclude>
    <ClInclude Include="hjSceneManager.h">
      <Filter>Scene\Manager</Filter>
    </ClInclude>
    <ClInclude Include="hjLayer.h">
      <Filter>Scene\Layer</Filter>
    </ClInclude>
    <ClInclude Include="hjScene.h">
      <Filter>Scene\Base</Filter>
    </ClInclude>
    <ClInclude Include="hjBaseRenderer.h">
      <Filter>Renderer</Filter>
    </ClInclude>
    <ClInclude Include="hjPrefab.h">
      <Filter>Resource\Prefab</Filter>
    </ClInclude>
    <ClInclude Include="hjCollisionManager.h">
      <Filter>Component\Collider\Manager</Filter>
    </ClInclude>
    <ClInclude Include="hjCollider.h">
      <Filter>Component\Collider</Filter>
    </ClInclude>
    <ClInclude Include="hjCollider2D.h">
      <Filter>Component\Collider\2D</Filter>
    </ClInclude>
    <ClInclude Include="hjCollider3D.h">
      <Filter>Component\Collider\3D</Filter>
    </ClInclude>
    <ClInclude Include="hjAnimation.h">
      <Filter>Component\Animator</Filter>
    </ClInclude>
    <ClInclude Include="hjAnimator.h">
      <Filter>Component\Animator</Filter>
    </ClInclude>
    <ClInclude Include="hjRigidBody.h">
      <Filter>Component\RigidBody</Filter>
    </ClInclude>
    <ClInclude Include="hjConstantBuffer.h">
      <Filter>Graphics\Buffer\ConstantBuffer</Filter>
    </ClInclude>
    <ClInclude Include="hjStructuredBuffer.h">
      <Filter>Graphics\Buffer\StructuredBuffer</Filter>
    </ClInclude>
    <ClInclude Include="hjLight.h">
      <Filter>Component\Light</Filter>
    </ClInclude>
    <ClInclude Include="hjPaintShader.h">
      <Filter>Resource\Shader\CS</Filter>
    </ClInclude>
    <ClInclude Include="hjTileMap.h">
      <Filter>Component\Renderer</Filter>
    </ClInclude>
    <ClInclude Include="hjXmlParser.h">
      <Filter>External\Parser\XML</Filter>
    </ClInclude>
    <ClInclude Include="hjMap.h">
      <Filter>Resource\Map</Filter>
    </ClInclude>
    <ClInclude Include="hjGraphicDevice_DX11.h">
      <Filter>Graphics\API</Filter>
    </ClInclude>
    <ClInclude Include="hjComputeShader.h">
      <Filter>Resource\Shader\CS\Base</Filter>
    </ClInclude>
    <ClInclude Include="hjParticleShader.h">
      <Filter>Resource\Shader\CS\Particle</Filter>
    </ClInclude>
    <ClInclude Include="hjParticleSystem.h">
      <Filter>Renderer\Particle</Filter>
    </ClInclude>
    <ClInclude Include="..\External\CMarkUp\Include\Markup.h">
      <Filter>External\Module</Filter>
    </ClInclude>
    <ClInclude Include="pch.h" />
    <ClInclude Include="hjParticleAnimShader.h">
      <Filter>Resource\Shader\CS\Particle\ParticleAnimation</Filter>
    </ClInclude>
    <ClInclude Include="hjAudioListener.h">
      <Filter>Component\Audio</Filter>
    </ClInclude>
    <ClInclude Include="hjFmod.h">
      <Filter>Component\Audio</Filter>
    </ClInclude>
    <ClInclude Include="hjAudioSource.h">
      <Filter>Component\Audio</Filter>
    </ClInclude>
    <ClInclude Include="hjAudioClip.h">
      <Filter>Resource\Audio</Filter>
    </ClInclude>
    <ClInclude Include="hjResourceManager.h">
      <Filter>Resource\Manager</Filter>
    </ClInclude>
  </ItemGroup>
  <ItemGroup>
    <None Include="hjMath.inl">
      <Filter>Common\Math</Filter>
    </None>
  </ItemGroup>
</Project>